PODS:
  - awesome_notifications (0.10.0):
    - Flutter
    - IosAwnCore (~> 0.10.0)
  - Flutter (1.0.0)
  - IosAwnCore (0.10.0)
  - time_change_detector (0.0.1):
    - Flutter

DEPENDENCIES:
  - awesome_notifications (from `.symlinks/plugins/awesome_notifications/ios`)
  - Flutter (from `Flutter`)
  - time_change_detector (from `.symlinks/plugins/time_change_detector/ios`)

SPEC REPOS:
  trunk:
    - IosAwnCore

EXTERNAL SOURCES:
  awesome_notifications:
    :path: ".symlinks/plugins/awesome_notifications/ios"
  Flutter:
    :path: Flutter
  time_change_detector:
    :path: ".symlinks/plugins/time_change_detector/ios"

SPEC CHECKSUMS:
  awesome_notifications: dd5518ff1c80be03d4f1c40f04da9d9cc2a37af5
  Flutter: e0871f40cf51350855a761d2e70bf5af5b9b5de7
  IosAwnCore: 653786a911089012092ce831f2945cd339855a89
  time_change_detector: de9a5fd0c7b5912a87f7e5fd6631cfe8928ced24

PODFILE CHECKSUM: 819463e6a0290f5a72f145ba7cde16e8b6ef0796

COCOAPODS: 1.15.2
